
Microsoft Visual Studio Solution File, Format Version 12.00
# Visual Studio Version 16
VisualStudioVersion = 16.0.31005.135
MinimumVisualStudioVersion = 10.0.40219.1
Project("{2150E333-8FDC-42A3-9474-1A3956D46DE8}") = "Services", "Services", "{6ADFD966-385D-44E4-B4E1-6DF360407BAD}"
EndProject
Project("{2150E333-8FDC-42A3-9474-1A3956D46DE8}") = "Restaurant", "Restaurant", "{33331736-E900-4D9B-BA0D-BA6267436E32}"
EndProject
Project("{2150E333-8FDC-42A3-9474-1A3956D46DE8}") = "Order", "Order", "{85F889FC-B504-455A-86AE-C75A1D0032E2}"
EndProject
Project("{2150E333-8FDC-42A3-9474-1A3956D46DE8}") = "Kitchen", "Kitchen", "{7ED7BEA5-D36B-47FB-8C54-D6908FD24DED}"
EndProject
Project("{2150E333-8FDC-42A3-9474-1A3956D46DE8}") = "Delivery", "Delivery", "{9FF9B58F-8E4D-4C75-A50D-6D6B46EEE92B}"
EndProject
Project("{2150E333-8FDC-42A3-9474-1A3956D46DE8}") = "Consumer", "Consumer", "{D0E5510D-E2BB-4989-9929-16BAC7E95E4E}"
EndProject
Project("{9A19103F-16F7-4668-BE54-9A1E7A4F7556}") = "Consumer.Api", "Services\Consumer\Consumer.Api\Consumer.Api.csproj", "{B6BE2124-EC01-4D30-AF8E-ED4B6A0CDA7C}"
EndProject
Project("{9A19103F-16F7-4668-BE54-9A1E7A4F7556}") = "Consumer.Web", "Services\Consumer\Consumer.Web\Consumer.Web.csproj", "{00E4B28A-FAE6-4A1A-9189-DEB6E07903BA}"
EndProject
Project("{9A19103F-16F7-4668-BE54-9A1E7A4F7556}") = "Consumer.Domain", "Services\Consumer\Consumer.Domain\Consumer.Domain.csproj", "{6C2E7087-BBEC-4E45-B714-33589965BF6D}"
EndProject
Project("{9A19103F-16F7-4668-BE54-9A1E7A4F7556}") = "Consumer.Application", "Services\Consumer\Consumer.Application\Consumer.Application.csproj", "{CC08B9F7-4BD7-4E09-9A79-F1C033D704CA}"
EndProject
Project("{9A19103F-16F7-4668-BE54-9A1E7A4F7556}") = "Consumer.Infrastructure", "Services\Consumer\Consumer.Infrastructure\Consumer.Infrastructure.csproj", "{EF31BA88-5341-4D1C-9CD9-67B49A8F4DC0}"
EndProject
Project("{9A19103F-16F7-4668-BE54-9A1E7A4F7556}") = "Delivery.Domain", "Services\Delivery\Delivery.Domain\Delivery.Domain.csproj", "{239B5ED0-A23D-408A-8086-1E06F259E907}"
EndProject
Project("{9A19103F-16F7-4668-BE54-9A1E7A4F7556}") = "Delivery.Application", "Services\Delivery\Delivery.Application\Delivery.Application.csproj", "{69EC9AA8-C0C2-4AEE-8957-90B1D85EA709}"
EndProject
Project("{9A19103F-16F7-4668-BE54-9A1E7A4F7556}") = "Delivery.Infrastructure", "Services\Delivery\Delivery.Infrastructure\Delivery.Infrastructure.csproj", "{343E8BB9-564B-4724-BCAD-67FB20FDFEEA}"
EndProject
Project("{9A19103F-16F7-4668-BE54-9A1E7A4F7556}") = "Kitchen.Domain", "Services\Kitchen\Kitchen.Domain\Kitchen.Domain.csproj", "{89513FCA-2CAB-4622-B9B9-FED995FAE685}"
EndProject
Project("{9A19103F-16F7-4668-BE54-9A1E7A4F7556}") = "Kitchen.Infrastructure", "Services\Kitchen\Kitchen.Infrastructure\Kitchen.Infrastructure.csproj", "{A454AC09-D915-42DE-868C-8AEA54CAF042}"
EndProject
Project("{9A19103F-16F7-4668-BE54-9A1E7A4F7556}") = "Kitchen.Application", "Services\Kitchen\Kitchen.Application\Kitchen.Application.csproj", "{B54DF60F-A1D2-4305-ABFB-C8E912E937DD}"
EndProject
Project("{9A19103F-16F7-4668-BE54-9A1E7A4F7556}") = "Order.Domain", "Services\Order\Order.Domain\Order.Domain.csproj", "{496F2349-53E6-4B72-AE77-B5DBCD0FC4D9}"
EndProject
Project("{9A19103F-16F7-4668-BE54-9A1E7A4F7556}") = "Order.Infrastructure", "Services\Order\Order.Infrastructure\Order.Infrastructure.csproj", "{756DC45A-F327-4875-8D48-7A15E5A4BA30}"
EndProject
Project("{9A19103F-16F7-4668-BE54-9A1E7A4F7556}") = "Order.Application", "Services\Order\Order.Application\Order.Application.csproj", "{FC4BBF4C-A923-4E81-9DCF-94689CD21E7F}"
EndProject
Project("{9A19103F-16F7-4668-BE54-9A1E7A4F7556}") = "Restaurant.Domain", "Services\Restaurant\Restaurant.Domain\Restaurant.Domain.csproj", "{1D822A55-C1F2-4A8E-BB55-FF14F426B0B8}"
EndProject
Project("{9A19103F-16F7-4668-BE54-9A1E7A4F7556}") = "Restaurant.Infrastructure", "Services\Restaurant\Restaurant.Infrastructure\Restaurant.Infrastructure.csproj", "{B71D07BC-D857-4EF0-80D4-43527A17D4F4}"
EndProject
Project("{9A19103F-16F7-4668-BE54-9A1E7A4F7556}") = "Restaurant.Application", "Services\Restaurant\Restaurant.Application\Restaurant.Application.csproj", "{3BD8FD9D-126A-43E8-A01C-607BF4716283}"
EndProject
Project("{9A19103F-16F7-4668-BE54-9A1E7A4F7556}") = "Kitchen.Api", "Services\Kitchen\Kitchen.Api\Kitchen.Api.csproj", "{5494C0B4-5D6C-4405-94AE-CA49FE419D3B}"
EndProject
Project("{9A19103F-16F7-4668-BE54-9A1E7A4F7556}") = "Delivery.Api", "Services\Delivery\Delivery.Api\Delivery.Api.csproj", "{EBB396D3-6CC5-40AF-80D1-02769E3CA472}"
EndProject
Project("{9A19103F-16F7-4668-BE54-9A1E7A4F7556}") = "Order.Api", "Services\Order\Order.Api\Order.Api.csproj", "{D3A7F499-53EC-45B1-A282-3AFEA1F40D55}"
EndProject
Project("{9A19103F-16F7-4668-BE54-9A1E7A4F7556}") = "Restaurant.Api", "Services\Restaurant\Restaurant.Api\Restaurant.Api.csproj", "{326EBC57-9007-4F06-8C8B-BEF032D0B81C}"
EndProject
Project("{9A19103F-16F7-4668-BE54-9A1E7A4F7556}") = "Delivery.Web", "Services\Delivery\Delivery.Web\Delivery.Web.csproj", "{1FF56E15-8FD7-4726-89D8-549694138026}"
EndProject
Project("{9A19103F-16F7-4668-BE54-9A1E7A4F7556}") = "Kitchen.Web", "Services\Kitchen\Kitchen.Web\Kitchen.Web.csproj", "{7BBBECBD-7672-4362-A21E-85AD07180640}"
EndProject
Project("{9A19103F-16F7-4668-BE54-9A1E7A4F7556}") = "Order.Web", "Services\Order\Order.Web\Order.Web.csproj", "{AB431F04-2AE6-432A-9380-5946DDACB5A9}"
EndProject
Project("{9A19103F-16F7-4668-BE54-9A1E7A4F7556}") = "Restaurant.Web", "Services\Restaurant\Restaurant.Web\Restaurant.Web.csproj", "{CE37CC1B-E5D8-4AC1-A4A6-68DD27DCD1BF}"
EndProject
Project("{9A19103F-16F7-4668-BE54-9A1E7A4F7556}") = "Consumer.UnitTests", "Services\Consumer\Consumer.UnitTests\Consumer.UnitTests.csproj", "{A7F5A891-7428-4168-AF98-109BF278D347}"
EndProject
Project("{9A19103F-16F7-4668-BE54-9A1E7A4F7556}") = "Delivery.UnitTests", "Services\Delivery\Delivery.UnitTests\Delivery.UnitTests.csproj", "{E254A1B6-61C0-41C3-8B6A-58FDBD39DA8B}"
EndProject
Project("{9A19103F-16F7-4668-BE54-9A1E7A4F7556}") = "Kitchen.UnitTests", "Services\Kitchen\Kitchen.UnitTests\Kitchen.UnitTests.csproj", "{68E9221A-21B8-4897-AA44-701710679C47}"
EndProject
Project("{9A19103F-16F7-4668-BE54-9A1E7A4F7556}") = "Order.UnitTests", "Services\Order\Order.UnitTests\Order.UnitTests.csproj", "{88CE8807-AE94-47C7-B89B-51AA8310CFC3}"
EndProject
Project("{9A19103F-16F7-4668-BE54-9A1E7A4F7556}") = "Restaurant.UnitTests", "Services\Restaurant\Restaurant.UnitTests\Restaurant.UnitTests.csproj", "{177F45A6-EE76-4313-B82A-974B363A81B2}"
EndProject
Global
	GlobalSection(SolutionConfigurationPlatforms) = preSolution
		Debug|Any CPU = Debug|Any CPU
		Release|Any CPU = Release|Any CPU
	EndGlobalSection
	GlobalSection(ProjectConfigurationPlatforms) = postSolution
		{B6BE2124-EC01-4D30-AF8E-ED4B6A0CDA7C}.Debug|Any CPU.ActiveCfg = Debug|Any CPU
		{B6BE2124-EC01-4D30-AF8E-ED4B6A0CDA7C}.Debug|Any CPU.Build.0 = Debug|Any CPU
		{B6BE2124-EC01-4D30-AF8E-ED4B6A0CDA7C}.Release|Any CPU.ActiveCfg = Release|Any CPU
		{B6BE2124-EC01-4D30-AF8E-ED4B6A0CDA7C}.Release|Any CPU.Build.0 = Release|Any CPU
		{00E4B28A-FAE6-4A1A-9189-DEB6E07903BA}.Debug|Any CPU.ActiveCfg = Debug|Any CPU
		{00E4B28A-FAE6-4A1A-9189-DEB6E07903BA}.Debug|Any CPU.Build.0 = Debug|Any CPU
		{00E4B28A-FAE6-4A1A-9189-DEB6E07903BA}.Release|Any CPU.ActiveCfg = Release|Any CPU
		{00E4B28A-FAE6-4A1A-9189-DEB6E07903BA}.Release|Any CPU.Build.0 = Release|Any CPU
		{6C2E7087-BBEC-4E45-B714-33589965BF6D}.Debug|Any CPU.ActiveCfg = Debug|Any CPU
		{6C2E7087-BBEC-4E45-B714-33589965BF6D}.Debug|Any CPU.Build.0 = Debug|Any CPU
		{6C2E7087-BBEC-4E45-B714-33589965BF6D}.Release|Any CPU.ActiveCfg = Release|Any CPU
		{6C2E7087-BBEC-4E45-B714-33589965BF6D}.Release|Any CPU.Build.0 = Release|Any CPU
		{CC08B9F7-4BD7-4E09-9A79-F1C033D704CA}.Debug|Any CPU.ActiveCfg = Debug|Any CPU
		{CC08B9F7-4BD7-4E09-9A79-F1C033D704CA}.Debug|Any CPU.Build.0 = Debug|Any CPU
		{CC08B9F7-4BD7-4E09-9A79-F1C033D704CA}.Release|Any CPU.ActiveCfg = Release|Any CPU
		{CC08B9F7-4BD7-4E09-9A79-F1C033D704CA}.Release|Any CPU.Build.0 = Release|Any CPU
		{EF31BA88-5341-4D1C-9CD9-67B49A8F4DC0}.Debug|Any CPU.ActiveCfg = Debug|Any CPU
		{EF31BA88-5341-4D1C-9CD9-67B49A8F4DC0}.Debug|Any CPU.Build.0 = Debug|Any CPU
		{EF31BA88-5341-4D1C-9CD9-67B49A8F4DC0}.Release|Any CPU.ActiveCfg = Release|Any CPU
		{EF31BA88-5341-4D1C-9CD9-67B49A8F4DC0}.Release|Any CPU.Build.0 = Release|Any CPU
		{239B5ED0-A23D-408A-8086-1E06F259E907}.Debug|Any CPU.ActiveCfg = Debug|Any CPU
		{239B5ED0-A23D-408A-8086-1E06F259E907}.Debug|Any CPU.Build.0 = Debug|Any CPU
		{239B5ED0-A23D-408A-8086-1E06F259E907}.Release|Any CPU.ActiveCfg = Release|Any CPU
		{239B5ED0-A23D-408A-8086-1E06F259E907}.Release|Any CPU.Build.0 = Release|Any CPU
		{69EC9AA8-C0C2-4AEE-8957-90B1D85EA709}.Debug|Any CPU.ActiveCfg = Debug|Any CPU
		{69EC9AA8-C0C2-4AEE-8957-90B1D85EA709}.Debug|Any CPU.Build.0 = Debug|Any CPU
		{69EC9AA8-C0C2-4AEE-8957-90B1D85EA709}.Release|Any CPU.ActiveCfg = Release|Any CPU
		{69EC9AA8-C0C2-4AEE-8957-90B1D85EA709}.Release|Any CPU.Build.0 = Release|Any CPU
		{343E8BB9-564B-4724-BCAD-67FB20FDFEEA}.Debug|Any CPU.ActiveCfg = Debug|Any CPU
		{343E8BB9-564B-4724-BCAD-67FB20FDFEEA}.Debug|Any CPU.Build.0 = Debug|Any CPU
		{343E8BB9-564B-4724-BCAD-67FB20FDFEEA}.Release|Any CPU.ActiveCfg = Release|Any CPU
		{343E8BB9-564B-4724-BCAD-67FB20FDFEEA}.Release|Any CPU.Build.0 = Release|Any CPU
		{89513FCA-2CAB-4622-B9B9-FED995FAE685}.Debug|Any CPU.ActiveCfg = Debug|Any CPU
		{89513FCA-2CAB-4622-B9B9-FED995FAE685}.Debug|Any CPU.Build.0 = Debug|Any CPU
		{89513FCA-2CAB-4622-B9B9-FED995FAE685}.Release|Any CPU.ActiveCfg = Release|Any CPU
		{89513FCA-2CAB-4622-B9B9-FED995FAE685}.Release|Any CPU.Build.0 = Release|Any CPU
		{A454AC09-D915-42DE-868C-8AEA54CAF042}.Debug|Any CPU.ActiveCfg = Debug|Any CPU
		{A454AC09-D915-42DE-868C-8AEA54CAF042}.Debug|Any CPU.Build.0 = Debug|Any CPU
		{A454AC09-D915-42DE-868C-8AEA54CAF042}.Release|Any CPU.ActiveCfg = Release|Any CPU
		{A454AC09-D915-42DE-868C-8AEA54CAF042}.Release|Any CPU.Build.0 = Release|Any CPU
		{B54DF60F-A1D2-4305-ABFB-C8E912E937DD}.Debug|Any CPU.ActiveCfg = Debug|Any CPU
		{B54DF60F-A1D2-4305-ABFB-C8E912E937DD}.Debug|Any CPU.Build.0 = Debug|Any CPU
		{B54DF60F-A1D2-4305-ABFB-C8E912E937DD}.Release|Any CPU.ActiveCfg = Release|Any CPU
		{B54DF60F-A1D2-4305-ABFB-C8E912E937DD}.Release|Any CPU.Build.0 = Release|Any CPU
		{496F2349-53E6-4B72-AE77-B5DBCD0FC4D9}.Debug|Any CPU.ActiveCfg = Debug|Any CPU
		{496F2349-53E6-4B72-AE77-B5DBCD0FC4D9}.Debug|Any CPU.Build.0 = Debug|Any CPU
		{496F2349-53E6-4B72-AE77-B5DBCD0FC4D9}.Release|Any CPU.ActiveCfg = Release|Any CPU
		{496F2349-53E6-4B72-AE77-B5DBCD0FC4D9}.Release|Any CPU.Build.0 = Release|Any CPU
		{756DC45A-F327-4875-8D48-7A15E5A4BA30}.Debug|Any CPU.ActiveCfg = Debug|Any CPU
		{756DC45A-F327-4875-8D48-7A15E5A4BA30}.Debug|Any CPU.Build.0 = Debug|Any CPU
		{756DC45A-F327-4875-8D48-7A15E5A4BA30}.Release|Any CPU.ActiveCfg = Release|Any CPU
		{756DC45A-F327-4875-8D48-7A15E5A4BA30}.Release|Any CPU.Build.0 = Release|Any CPU
		{FC4BBF4C-A923-4E81-9DCF-94689CD21E7F}.Debug|Any CPU.ActiveCfg = Debug|Any CPU
		{FC4BBF4C-A923-4E81-9DCF-94689CD21E7F}.Debug|Any CPU.Build.0 = Debug|Any CPU
		{FC4BBF4C-A923-4E81-9DCF-94689CD21E7F}.Release|Any CPU.ActiveCfg = Release|Any CPU
		{FC4BBF4C-A923-4E81-9DCF-94689CD21E7F}.Release|Any CPU.Build.0 = Release|Any CPU
		{1D822A55-C1F2-4A8E-BB55-FF14F426B0B8}.Debug|Any CPU.ActiveCfg = Debug|Any CPU
		{1D822A55-C1F2-4A8E-BB55-FF14F426B0B8}.Debug|Any CPU.Build.0 = Debug|Any CPU
		{1D822A55-C1F2-4A8E-BB55-FF14F426B0B8}.Release|Any CPU.ActiveCfg = Release|Any CPU
		{1D822A55-C1F2-4A8E-BB55-FF14F426B0B8}.Release|Any CPU.Build.0 = Release|Any CPU
		{B71D07BC-D857-4EF0-80D4-43527A17D4F4}.Debug|Any CPU.ActiveCfg = Debug|Any CPU
		{B71D07BC-D857-4EF0-80D4-43527A17D4F4}.Debug|Any CPU.Build.0 = Debug|Any CPU
		{B71D07BC-D857-4EF0-80D4-43527A17D4F4}.Release|Any CPU.ActiveCfg = Release|Any CPU
		{B71D07BC-D857-4EF0-80D4-43527A17D4F4}.Release|Any CPU.Build.0 = Release|Any CPU
		{3BD8FD9D-126A-43E8-A01C-607BF4716283}.Debug|Any CPU.ActiveCfg = Debug|Any CPU
		{3BD8FD9D-126A-43E8-A01C-607BF4716283}.Debug|Any CPU.Build.0 = Debug|Any CPU
		{3BD8FD9D-126A-43E8-A01C-607BF4716283}.Release|Any CPU.ActiveCfg = Release|Any CPU
		{3BD8FD9D-126A-43E8-A01C-607BF4716283}.Release|Any CPU.Build.0 = Release|Any CPU
		{5494C0B4-5D6C-4405-94AE-CA49FE419D3B}.Debug|Any CPU.ActiveCfg = Debug|Any CPU
		{5494C0B4-5D6C-4405-94AE-CA49FE419D3B}.Debug|Any CPU.Build.0 = Debug|Any CPU
		{5494C0B4-5D6C-4405-94AE-CA49FE419D3B}.Release|Any CPU.ActiveCfg = Release|Any CPU
		{5494C0B4-5D6C-4405-94AE-CA49FE419D3B}.Release|Any CPU.Build.0 = Release|Any CPU
		{EBB396D3-6CC5-40AF-80D1-02769E3CA472}.Debug|Any CPU.ActiveCfg = Debug|Any CPU
		{EBB396D3-6CC5-40AF-80D1-02769E3CA472}.Debug|Any CPU.Build.0 = Debug|Any CPU
		{EBB396D3-6CC5-40AF-80D1-02769E3CA472}.Release|Any CPU.ActiveCfg = Release|Any CPU
		{EBB396D3-6CC5-40AF-80D1-02769E3CA472}.Release|Any CPU.Build.0 = Release|Any CPU
		{D3A7F499-53EC-45B1-A282-3AFEA1F40D55}.Debug|Any CPU.ActiveCfg = Debug|Any CPU
		{D3A7F499-53EC-45B1-A282-3AFEA1F40D55}.Debug|Any CPU.Build.0 = Debug|Any CPU
		{D3A7F499-53EC-45B1-A282-3AFEA1F40D55}.Release|Any CPU.ActiveCfg = Release|Any CPU
		{D3A7F499-53EC-45B1-A282-3AFEA1F40D55}.Release|Any CPU.Build.0 = Release|Any CPU
		{326EBC57-9007-4F06-8C8B-BEF032D0B81C}.Debug|Any CPU.ActiveCfg = Debug|Any CPU
		{326EBC57-9007-4F06-8C8B-BEF032D0B81C}.Debug|Any CPU.Build.0 = Debug|Any CPU
		{326EBC57-9007-4F06-8C8B-BEF032D0B81C}.Release|Any CPU.ActiveCfg = Release|Any CPU
		{326EBC57-9007-4F06-8C8B-BEF032D0B81C}.Release|Any CPU.Build.0 = Release|Any CPU
		{1FF56E15-8FD7-4726-89D8-549694138026}.Debug|Any CPU.ActiveCfg = Debug|Any CPU
		{1FF56E15-8FD7-4726-89D8-549694138026}.Debug|Any CPU.Build.0 = Debug|Any CPU
		{1FF56E15-8FD7-4726-89D8-549694138026}.Release|Any CPU.ActiveCfg = Release|Any CPU
		{1FF56E15-8FD7-4726-89D8-549694138026}.Release|Any CPU.Build.0 = Release|Any CPU
		{7BBBECBD-7672-4362-A21E-85AD07180640}.Debug|Any CPU.ActiveCfg = Debug|Any CPU
		{7BBBECBD-7672-4362-A21E-85AD07180640}.Debug|Any CPU.Build.0 = Debug|Any CPU
		{7BBBECBD-7672-4362-A21E-85AD07180640}.Release|Any CPU.ActiveCfg = Release|Any CPU
		{7BBBECBD-7672-4362-A21E-85AD07180640}.Release|Any CPU.Build.0 = Release|Any CPU
		{AB431F04-2AE6-432A-9380-5946DDACB5A9}.Debug|Any CPU.ActiveCfg = Debug|Any CPU
		{AB431F04-2AE6-432A-9380-5946DDACB5A9}.Debug|Any CPU.Build.0 = Debug|Any CPU
		{AB431F04-2AE6-432A-9380-5946DDACB5A9}.Release|Any CPU.ActiveCfg = Release|Any CPU
		{AB431F04-2AE6-432A-9380-5946DDACB5A9}.Release|Any CPU.Build.0 = Release|Any CPU
		{CE37CC1B-E5D8-4AC1-A4A6-68DD27DCD1BF}.Debug|Any CPU.ActiveCfg = Debug|Any CPU
		{CE37CC1B-E5D8-4AC1-A4A6-68DD27DCD1BF}.Debug|Any CPU.Build.0 = Debug|Any CPU
		{CE37CC1B-E5D8-4AC1-A4A6-68DD27DCD1BF}.Release|Any CPU.ActiveCfg = Release|Any CPU
		{CE37CC1B-E5D8-4AC1-A4A6-68DD27DCD1BF}.Release|Any CPU.Build.0 = Release|Any CPU
		{A7F5A891-7428-4168-AF98-109BF278D347}.Debug|Any CPU.ActiveCfg = Debug|Any CPU
		{A7F5A891-7428-4168-AF98-109BF278D347}.Debug|Any CPU.Build.0 = Debug|Any CPU
		{A7F5A891-7428-4168-AF98-109BF278D347}.Release|Any CPU.ActiveCfg = Release|Any CPU
		{A7F5A891-7428-4168-AF98-109BF278D347}.Release|Any CPU.Build.0 = Release|Any CPU
		{E254A1B6-61C0-41C3-8B6A-58FDBD39DA8B}.Debug|Any CPU.ActiveCfg = Debug|Any CPU
		{E254A1B6-61C0-41C3-8B6A-58FDBD39DA8B}.Debug|Any CPU.Build.0 = Debug|Any CPU
		{E254A1B6-61C0-41C3-8B6A-58FDBD39DA8B}.Release|Any CPU.ActiveCfg = Release|Any CPU
		{E254A1B6-61C0-41C3-8B6A-58FDBD39DA8B}.Release|Any CPU.Build.0 = Release|Any CPU
		{68E9221A-21B8-4897-AA44-701710679C47}.Debug|Any CPU.ActiveCfg = Debug|Any CPU
		{68E9221A-21B8-4897-AA44-701710679C47}.Debug|Any CPU.Build.0 = Debug|Any CPU
		{68E9221A-21B8-4897-AA44-701710679C47}.Release|Any CPU.ActiveCfg = Release|Any CPU
		{68E9221A-21B8-4897-AA44-701710679C47}.Release|Any CPU.Build.0 = Release|Any CPU
		{88CE8807-AE94-47C7-B89B-51AA8310CFC3}.Debug|Any CPU.ActiveCfg = Debug|Any CPU
		{88CE8807-AE94-47C7-B89B-51AA8310CFC3}.Debug|Any CPU.Build.0 = Debug|Any CPU
		{88CE8807-AE94-47C7-B89B-51AA8310CFC3}.Release|Any CPU.ActiveCfg = Release|Any CPU
		{88CE8807-AE94-47C7-B89B-51AA8310CFC3}.Release|Any CPU.Build.0 = Release|Any CPU
		{177F45A6-EE76-4313-B82A-974B363A81B2}.Debug|Any CPU.ActiveCfg = Debug|Any CPU
		{177F45A6-EE76-4313-B82A-974B363A81B2}.Debug|Any CPU.Build.0 = Debug|Any CPU
		{177F45A6-EE76-4313-B82A-974B363A81B2}.Release|Any CPU.ActiveCfg = Release|Any CPU
		{177F45A6-EE76-4313-B82A-974B363A81B2}.Release|Any CPU.Build.0 = Release|Any CPU
	EndGlobalSection
	GlobalSection(SolutionProperties) = preSolution
		HideSolutionNode = FALSE
	EndGlobalSection
	GlobalSection(NestedProjects) = preSolution
		{33331736-E900-4D9B-BA0D-BA6267436E32} = {6ADFD966-385D-44E4-B4E1-6DF360407BAD}
		{85F889FC-B504-455A-86AE-C75A1D0032E2} = {6ADFD966-385D-44E4-B4E1-6DF360407BAD}
		{7ED7BEA5-D36B-47FB-8C54-D6908FD24DED} = {6ADFD966-385D-44E4-B4E1-6DF360407BAD}
		{9FF9B58F-8E4D-4C75-A50D-6D6B46EEE92B} = {6ADFD966-385D-44E4-B4E1-6DF360407BAD}
		{D0E5510D-E2BB-4989-9929-16BAC7E95E4E} = {6ADFD966-385D-44E4-B4E1-6DF360407BAD}
		{B6BE2124-EC01-4D30-AF8E-ED4B6A0CDA7C} = {D0E5510D-E2BB-4989-9929-16BAC7E95E4E}
		{00E4B28A-FAE6-4A1A-9189-DEB6E07903BA} = {D0E5510D-E2BB-4989-9929-16BAC7E95E4E}
		{6C2E7087-BBEC-4E45-B714-33589965BF6D} = {D0E5510D-E2BB-4989-9929-16BAC7E95E4E}
		{CC08B9F7-4BD7-4E09-9A79-F1C033D704CA} = {D0E5510D-E2BB-4989-9929-16BAC7E95E4E}
		{EF31BA88-5341-4D1C-9CD9-67B49A8F4DC0} = {D0E5510D-E2BB-4989-9929-16BAC7E95E4E}
		{239B5ED0-A23D-408A-8086-1E06F259E907} = {9FF9B58F-8E4D-4C75-A50D-6D6B46EEE92B}
		{69EC9AA8-C0C2-4AEE-8957-90B1D85EA709} = {9FF9B58F-8E4D-4C75-A50D-6D6B46EEE92B}
		{343E8BB9-564B-4724-BCAD-67FB20FDFEEA} = {9FF9B58F-8E4D-4C75-A50D-6D6B46EEE92B}
		{89513FCA-2CAB-4622-B9B9-FED995FAE685} = {7ED7BEA5-D36B-47FB-8C54-D6908FD24DED}
		{A454AC09-D915-42DE-868C-8AEA54CAF042} = {7ED7BEA5-D36B-47FB-8C54-D6908FD24DED}
		{B54DF60F-A1D2-4305-ABFB-C8E912E937DD} = {7ED7BEA5-D36B-47FB-8C54-D6908FD24DED}
		{496F2349-53E6-4B72-AE77-B5DBCD0FC4D9} = {85F889FC-B504-455A-86AE-C75A1D0032E2}
		{756DC45A-F327-4875-8D48-7A15E5A4BA30} = {85F889FC-B504-455A-86AE-C75A1D0032E2}
		{FC4BBF4C-A923-4E81-9DCF-94689CD21E7F} = {85F889FC-B504-455A-86AE-C75A1D0032E2}
		{1D822A55-C1F2-4A8E-BB55-FF14F426B0B8} = {33331736-E900-4D9B-BA0D-BA6267436E32}
		{B71D07BC-D857-4EF0-80D4-43527A17D4F4} = {33331736-E900-4D9B-BA0D-BA6267436E32}
		{3BD8FD9D-126A-43E8-A01C-607BF4716283} = {33331736-E900-4D9B-BA0D-BA6267436E32}
		{5494C0B4-5D6C-4405-94AE-CA49FE419D3B} = {7ED7BEA5-D36B-47FB-8C54-D6908FD24DED}
		{EBB396D3-6CC5-40AF-80D1-02769E3CA472} = {9FF9B58F-8E4D-4C75-A50D-6D6B46EEE92B}
		{D3A7F499-53EC-45B1-A282-3AFEA1F40D55} = {85F889FC-B504-455A-86AE-C75A1D0032E2}
		{326EBC57-9007-4F06-8C8B-BEF032D0B81C} = {33331736-E900-4D9B-BA0D-BA6267436E32}
		{1FF56E15-8FD7-4726-89D8-549694138026} = {9FF9B58F-8E4D-4C75-A50D-6D6B46EEE92B}
		{7BBBECBD-7672-4362-A21E-85AD07180640} = {7ED7BEA5-D36B-47FB-8C54-D6908FD24DED}
		{AB431F04-2AE6-432A-9380-5946DDACB5A9} = {85F889FC-B504-455A-86AE-C75A1D0032E2}
		{CE37CC1B-E5D8-4AC1-A4A6-68DD27DCD1BF} = {33331736-E900-4D9B-BA0D-BA6267436E32}
		{A7F5A891-7428-4168-AF98-109BF278D347} = {D0E5510D-E2BB-4989-9929-16BAC7E95E4E}
		{E254A1B6-61C0-41C3-8B6A-58FDBD39DA8B} = {9FF9B58F-8E4D-4C75-A50D-6D6B46EEE92B}
		{68E9221A-21B8-4897-AA44-701710679C47} = {7ED7BEA5-D36B-47FB-8C54-D6908FD24DED}
		{88CE8807-AE94-47C7-B89B-51AA8310CFC3} = {85F889FC-B504-455A-86AE-C75A1D0032E2}
		{177F45A6-EE76-4313-B82A-974B363A81B2} = {33331736-E900-4D9B-BA0D-BA6267436E32}
	EndGlobalSection
	GlobalSection(ExtensibilityGlobals) = postSolution
		SolutionGuid = {EF585801-D34E-4F61-8D2E-A373E237950D}
	EndGlobalSection
EndGlobal
